
Microsoft Visual Studio Solution File, Format Version 12.00
# Visual Studio 14
VisualStudioVersion = 14.0.25420.1
MinimumVisualStudioVersion = 10.0.40219.1
Project("{FAE04EC0-301F-11D3-BF4B-00C04F79EFBC}") = "FirstExercise", "FirstExercise\FirstExercise.csproj", "{E686CF8C-E777-4B78-97FB-5F832361ECEC}"
EndProject
Project("{FAE04EC0-301F-11D3-BF4B-00C04F79EFBC}") = "SecondExercise", "SecondExercise\SecondExercise.csproj", "{8AD95690-A830-4446-8770-E0A64127A79A}"
EndProject
Project("{FAE04EC0-301F-11D3-BF4B-00C04F79EFBC}") = "FourthExercise", "FourthExercise\FourthExercise.csproj", "{09475CD2-7627-405D-8F65-CC4A237E6D97}"
EndProject
Global
	GlobalSection(SolutionConfigurationPlatforms) = preSolution
		Debug|Any CPU = Debug|Any CPU
		Release|Any CPU = Release|Any CPU
	EndGlobalSection
	GlobalSection(ProjectConfigurationPlatforms) = postSolution
		{E686CF8C-E777-4B78-97FB-5F832361ECEC}.Debug|Any CPU.ActiveCfg = Debug|Any CPU
		{E686CF8C-E777-4B78-97FB-5F832361ECEC}.Debug|Any CPU.Build.0 = Debug|Any CPU
		{E686CF8C-E777-4B78-97FB-5F832361ECEC}.Release|Any CPU.ActiveCfg = Release|Any CPU
		{E686CF8C-E777-4B78-97FB-5F832361ECEC}.Release|Any CPU.Build.0 = Release|Any CPU
		{8AD95690-A830-4446-8770-E0A64127A79A}.Debug|Any CPU.ActiveCfg = Debug|Any CPU
		{8AD95690-A830-4446-8770-E0A64127A79A}.Debug|Any CPU.Build.0 = Debug|Any CPU
		{8AD95690-A830-4446-8770-E0A64127A79A}.Release|Any CPU.ActiveCfg = Release|Any CPU
		{8AD95690-A830-4446-8770-E0A64127A79A}.Release|Any CPU.Build.0 = Release|Any CPU
		{09475CD2-7627-405D-8F65-CC4A237E6D97}.Debug|Any CPU.ActiveCfg = Debug|Any CPU
		{09475CD2-7627-405D-8F65-CC4A237E6D97}.Debug|Any CPU.Build.0 = Debug|Any CPU
		{09475CD2-7627-405D-8F65-CC4A237E6D97}.Release|Any CPU.ActiveCfg = Release|Any CPU
		{09475CD2-7627-405D-8F65-CC4A237E6D97}.Release|Any CPU.Build.0 = Release|Any CPU
	EndGlobalSection
	GlobalSection(SolutionProperties) = preSolution
		HideSolutionNode = FALSE
	EndGlobalSection
EndGlobal
